{
  "name": "@suanlafen/exec",
  "version": "1.1.0",
  "lockfileVersion": 2,
  "requires": true,
  "packages": {
    "": {
      "name": "@suanlafen/exec",
      "version": "1.0.6",
      "license": "ISC",
      "dependencies": {
        "@suanlafen/log": "file:../../utils/log",
        "@suanlafen/package": "file:../../models/package"
      }
    },
    "../../models/package": {
      "name": "@suanlafen/package",
      "version": "1.0.6",
      "license": "ISC",
      "dependencies": {
        "@suanlafen/format-path": "file:../../utils/format-path",
        "@suanlafen/get-npm-info": "file:../../utils/get-npm-info",
        "@suanlafen/utils": "file:../../utils/utils",
        "fs-extra": "^10.0.0",
        "npminstall": "^5.3.1",
        "path-exists": "^4.0.0",
        "pkg-dir": "^5.0.0"
      }
    },
    "../../utils/log": {
      "name": "@suanlafen/log",
      "version": "1.0.2",
      "license": "ISC",
      "dependencies": {
        "npmlog": "^5.0.1"
      }
    },
    "node_modules/@suanlafen/log": {
      "resolved": "../../utils/log",
      "link": true
    },
    "node_modules/@suanlafen/package": {
      "resolved": "../../models/package",
      "link": true
    }
  },
  "dependencies": {
    "@suanlafen/log": {
      "version": "file:../../utils/log",
      "requires": {
        "npmlog": "^5.0.1"
      }
    },
    "@suanlafen/package": {
      "version": "file:../../models/package",
      "requires": {
        "@suanlafen/format-path": "file:../../utils/format-path",
        "@suanlafen/get-npm-info": "file:../../utils/get-npm-info",
        "@suanlafen/utils": "file:../../utils/utils",
        "fs-extra": "^10.0.0",
        "npminstall": "^5.3.1",
        "path-exists": "^4.0.0",
        "pkg-dir": "^5.0.0"
      }
    }
  }
}
